
Microsoft Visual Studio Solution File, Format Version 12.00
# Visual Studio 15
VisualStudioVersion = 15.0.28307.1684
MinimumVisualStudioVersion = 10.0.40219.1
Project("{FAE04EC0-301F-11D3-BF4B-00C04F79EFBC}") = "Dungeon", "Dungeon\Dungeon.csproj", "{EB731B7B-3326-4C59-835B-BAA1AD3DF8D2}"
EndProject
Project("{FAE04EC0-301F-11D3-BF4B-00C04F79EFBC}") = "DungeonLibrary", "DungeonLibrary\DungeonLibrary.csproj", "{A501169B-8F11-494E-A449-503FA657C0B0}"
EndProject
Project("{FAE04EC0-301F-11D3-BF4B-00C04F79EFBC}") = "MonsterLibrary", "MonsterLibrary\MonsterLibrary.csproj", "{44F91A79-4C04-4467-B49D-834E416ABB29}"
EndProject
Project("{FAE04EC0-301F-11D3-BF4B-00C04F79EFBC}") = "VisualLibrary", "VisualLibrary\VisualLibrary.csproj", "{AF1DB304-C7FD-4D16-B576-7CF30CB9DBF5}"
EndProject
Global
	GlobalSection(SolutionConfigurationPlatforms) = preSolution
		Debug|Any CPU = Debug|Any CPU
		Release|Any CPU = Release|Any CPU
	EndGlobalSection
	GlobalSection(ProjectConfigurationPlatforms) = postSolution
		{EB731B7B-3326-4C59-835B-BAA1AD3DF8D2}.Debug|Any CPU.ActiveCfg = Debug|Any CPU
		{EB731B7B-3326-4C59-835B-BAA1AD3DF8D2}.Debug|Any CPU.Build.0 = Debug|Any CPU
		{EB731B7B-3326-4C59-835B-BAA1AD3DF8D2}.Release|Any CPU.ActiveCfg = Release|Any CPU
		{EB731B7B-3326-4C59-835B-BAA1AD3DF8D2}.Release|Any CPU.Build.0 = Release|Any CPU
		{A501169B-8F11-494E-A449-503FA657C0B0}.Debug|Any CPU.ActiveCfg = Debug|Any CPU
		{A501169B-8F11-494E-A449-503FA657C0B0}.Debug|Any CPU.Build.0 = Debug|Any CPU
		{A501169B-8F11-494E-A449-503FA657C0B0}.Release|Any CPU.ActiveCfg = Release|Any CPU
		{A501169B-8F11-494E-A449-503FA657C0B0}.Release|Any CPU.Build.0 = Release|Any CPU
		{44F91A79-4C04-4467-B49D-834E416ABB29}.Debug|Any CPU.ActiveCfg = Debug|Any CPU
		{44F91A79-4C04-4467-B49D-834E416ABB29}.Debug|Any CPU.Build.0 = Debug|Any CPU
		{44F91A79-4C04-4467-B49D-834E416ABB29}.Release|Any CPU.ActiveCfg = Release|Any CPU
		{44F91A79-4C04-4467-B49D-834E416ABB29}.Release|Any CPU.Build.0 = Release|Any CPU
		{AF1DB304-C7FD-4D16-B576-7CF30CB9DBF5}.Debug|Any CPU.ActiveCfg = Debug|Any CPU
		{AF1DB304-C7FD-4D16-B576-7CF30CB9DBF5}.Debug|Any CPU.Build.0 = Debug|Any CPU
		{AF1DB304-C7FD-4D16-B576-7CF30CB9DBF5}.Release|Any CPU.ActiveCfg = Release|Any CPU
		{AF1DB304-C7FD-4D16-B576-7CF30CB9DBF5}.Release|Any CPU.Build.0 = Release|Any CPU
	EndGlobalSection
	GlobalSection(SolutionProperties) = preSolution
		HideSolutionNode = FALSE
	EndGlobalSection
	GlobalSection(ExtensibilityGlobals) = postSolution
		SolutionGuid = {A298404E-36F3-456D-A34A-FC99FFD5244B}
	EndGlobalSection
EndGlobal
