
Microsoft Visual Studio Solution File, Format Version 12.00
# Visual Studio 15
VisualStudioVersion = 15.0.28307.1684
MinimumVisualStudioVersion = 10.0.40219.1
Project("{FAE04EC0-301F-11D3-BF4B-00C04F79EFBC}") = "Dungeon", "Dungeon\Dungeon.csproj", "{EB731B7B-3326-4C59-835B-BAA1AD3DF8D2}"
EndProject
Project("{FAE04EC0-301F-11D3-BF4B-00C04F79EFBC}") = "DungeonLibrary", "ClassLibrary1\DungeonLibrary.csproj", "{270C6A2C-3189-45B4-928B-C27BEBCEF141}"
EndProject
Global
	GlobalSection(SolutionConfigurationPlatforms) = preSolution
		Debug|Any CPU = Debug|Any CPU
		Release|Any CPU = Release|Any CPU
	EndGlobalSection
	GlobalSection(ProjectConfigurationPlatforms) = postSolution
		{EB731B7B-3326-4C59-835B-BAA1AD3DF8D2}.Debug|Any CPU.ActiveCfg = Debug|Any CPU
		{EB731B7B-3326-4C59-835B-BAA1AD3DF8D2}.Debug|Any CPU.Build.0 = Debug|Any CPU
		{EB731B7B-3326-4C59-835B-BAA1AD3DF8D2}.Release|Any CPU.ActiveCfg = Release|Any CPU
		{EB731B7B-3326-4C59-835B-BAA1AD3DF8D2}.Release|Any CPU.Build.0 = Release|Any CPU
		{270C6A2C-3189-45B4-928B-C27BEBCEF141}.Debug|Any CPU.ActiveCfg = Debug|Any CPU
		{270C6A2C-3189-45B4-928B-C27BEBCEF141}.Debug|Any CPU.Build.0 = Debug|Any CPU
		{270C6A2C-3189-45B4-928B-C27BEBCEF141}.Release|Any CPU.ActiveCfg = Release|Any CPU
		{270C6A2C-3189-45B4-928B-C27BEBCEF141}.Release|Any CPU.Build.0 = Release|Any CPU
	EndGlobalSection
	GlobalSection(SolutionProperties) = preSolution
		HideSolutionNode = FALSE
	EndGlobalSection
	GlobalSection(ExtensibilityGlobals) = postSolution
		SolutionGuid = {A298404E-36F3-456D-A34A-FC99FFD5244B}
	EndGlobalSection
EndGlobal
